
Microsoft Visual Studio Solution File, Format Version 12.00
# Visual Studio Version 17
VisualStudioVersion = 17.3.32804.467
MinimumVisualStudioVersion = 10.0.40219.1
Project("{FAE04EC0-301F-11D3-BF4B-00C04F79EFBC}") = "Assessment2_Toton", "Assessment2_Toton.csproj", "{EB5D09D3-83D8-4150-BA13-D0DC3403047F}"
EndProject
Global
	GlobalSection(SolutionConfigurationPlatforms) = preSolution
		Debug|Any CPU = Debug|Any CPU
		Release|Any CPU = Release|Any CPU
	EndGlobalSection
	GlobalSection(ProjectConfigurationPlatforms) = postSolution
		{EB5D09D3-83D8-4150-BA13-D0DC3403047F}.Debug|Any CPU.ActiveCfg = Debug|Any CPU
		{EB5D09D3-83D8-4150-BA13-D0DC3403047F}.Debug|Any CPU.Build.0 = Debug|Any CPU
		{EB5D09D3-83D8-4150-BA13-D0DC3403047F}.Release|Any CPU.ActiveCfg = Release|Any CPU
		{EB5D09D3-83D8-4150-BA13-D0DC3403047F}.Release|Any CPU.Build.0 = Release|Any CPU
	EndGlobalSection
	GlobalSection(SolutionProperties) = preSolution
		HideSolutionNode = FALSE
	EndGlobalSection
	GlobalSection(ExtensibilityGlobals) = postSolution
		SolutionGuid = {BD4C34CD-1435-4723-B7C4-B217D8539ED2}
	EndGlobalSection
EndGlobal
